
Microsoft Visual Studio Solution File, Format Version 12.00
# Visual Studio Version 16
Project("{8BC9CEB8-8B4A-11D0-8D11-00A0C91BC942}") = "ALL_BUILD", "ALL_BUILD.vcxproj", "{3B3F6E29-E7F1-31A6-AD53-227C4F30739C}"
	ProjectSection(ProjectDependencies) = postProject
		{A98F171C-A09A-3416-9B6F-5ED36E7F0664} = {A98F171C-A09A-3416-9B6F-5ED36E7F0664}
		{613594B0-6F08-3084-9E92-FD53014BD83E} = {613594B0-6F08-3084-9E92-FD53014BD83E}
	EndProjectSection
EndProject
Project("{8BC9CEB8-8B4A-11D0-8D11-00A0C91BC942}") = "ZERO_CHECK", "ZERO_CHECK.vcxproj", "{A98F171C-A09A-3416-9B6F-5ED36E7F0664}"
	ProjectSection(ProjectDependencies) = postProject
	EndProjectSection
EndProject
Project("{8BC9CEB8-8B4A-11D0-8D11-00A0C91BC942}") = "main", "main.vcxproj", "{613594B0-6F08-3084-9E92-FD53014BD83E}"
	ProjectSection(ProjectDependencies) = postProject
		{A98F171C-A09A-3416-9B6F-5ED36E7F0664} = {A98F171C-A09A-3416-9B6F-5ED36E7F0664}
	EndProjectSection
EndProject
Global
	GlobalSection(SolutionConfigurationPlatforms) = preSolution
		Debug|x64 = Debug|x64
		Release|x64 = Release|x64
		MinSizeRel|x64 = MinSizeRel|x64
		RelWithDebInfo|x64 = RelWithDebInfo|x64
	EndGlobalSection
	GlobalSection(ProjectConfigurationPlatforms) = postSolution
		{3B3F6E29-E7F1-31A6-AD53-227C4F30739C}.Debug|x64.ActiveCfg = Debug|x64
		{3B3F6E29-E7F1-31A6-AD53-227C4F30739C}.Release|x64.ActiveCfg = Release|x64
		{3B3F6E29-E7F1-31A6-AD53-227C4F30739C}.MinSizeRel|x64.ActiveCfg = MinSizeRel|x64
		{3B3F6E29-E7F1-31A6-AD53-227C4F30739C}.RelWithDebInfo|x64.ActiveCfg = RelWithDebInfo|x64
		{A98F171C-A09A-3416-9B6F-5ED36E7F0664}.Debug|x64.ActiveCfg = Debug|x64
		{A98F171C-A09A-3416-9B6F-5ED36E7F0664}.Debug|x64.Build.0 = Debug|x64
		{A98F171C-A09A-3416-9B6F-5ED36E7F0664}.Release|x64.ActiveCfg = Release|x64
		{A98F171C-A09A-3416-9B6F-5ED36E7F0664}.Release|x64.Build.0 = Release|x64
		{A98F171C-A09A-3416-9B6F-5ED36E7F0664}.MinSizeRel|x64.ActiveCfg = MinSizeRel|x64
		{A98F171C-A09A-3416-9B6F-5ED36E7F0664}.MinSizeRel|x64.Build.0 = MinSizeRel|x64
		{A98F171C-A09A-3416-9B6F-5ED36E7F0664}.RelWithDebInfo|x64.ActiveCfg = RelWithDebInfo|x64
		{A98F171C-A09A-3416-9B6F-5ED36E7F0664}.RelWithDebInfo|x64.Build.0 = RelWithDebInfo|x64
		{613594B0-6F08-3084-9E92-FD53014BD83E}.Debug|x64.ActiveCfg = Debug|x64
		{613594B0-6F08-3084-9E92-FD53014BD83E}.Debug|x64.Build.0 = Debug|x64
		{613594B0-6F08-3084-9E92-FD53014BD83E}.Release|x64.ActiveCfg = Release|x64
		{613594B0-6F08-3084-9E92-FD53014BD83E}.Release|x64.Build.0 = Release|x64
		{613594B0-6F08-3084-9E92-FD53014BD83E}.MinSizeRel|x64.ActiveCfg = MinSizeRel|x64
		{613594B0-6F08-3084-9E92-FD53014BD83E}.MinSizeRel|x64.Build.0 = MinSizeRel|x64
		{613594B0-6F08-3084-9E92-FD53014BD83E}.RelWithDebInfo|x64.ActiveCfg = RelWithDebInfo|x64
		{613594B0-6F08-3084-9E92-FD53014BD83E}.RelWithDebInfo|x64.Build.0 = RelWithDebInfo|x64
	EndGlobalSection
	GlobalSection(ExtensibilityGlobals) = postSolution
		SolutionGuid = {92F9AE3D-797C-319E-90B0-F63D3D447F12}
	EndGlobalSection
	GlobalSection(ExtensibilityAddIns) = postSolution
	EndGlobalSection
EndGlobal
